
Microsoft Visual Studio Solution File, Format Version 12.00
# Visual Studio Version 17
VisualStudioVersion = 17.11.35222.181
MinimumVisualStudioVersion = 10.0.40219.1
Project("{9A19103F-16F7-4668-BE54-9A1E7A4F7556}") = "AdvisorManagement.Api", "src\AdvisorManagement.Api\AdvisorManagement.Api.csproj", "{D6FD95CE-6827-44B6-BC44-BF0CF05C4A43}"
EndProject
Project("{9A19103F-16F7-4668-BE54-9A1E7A4F7556}") = "AdvisorManager.Domain", "src\AdvisorManager.Domain\AdvisorManager.Domain.csproj", "{900AAF78-26D9-4948-BEC4-8C250FA99A64}"
EndProject
Project("{9A19103F-16F7-4668-BE54-9A1E7A4F7556}") = "AdvisorManager.Infrastructure", "src\AdvisorManager.Infrastructure\AdvisorManager.Infrastructure.csproj", "{BF9067D0-DB98-41F1-9A9A-40C330D16DAE}"
EndProject
Project("{9A19103F-16F7-4668-BE54-9A1E7A4F7556}") = "AdvisorManager.Application", "src\AdvisorManager.Application\AdvisorManager.Application.csproj", "{FE7ED6CA-DD50-4C2B-BC8E-799F4D4A4E87}"
EndProject
Global
	GlobalSection(SolutionConfigurationPlatforms) = preSolution
		Debug|Any CPU = Debug|Any CPU
		Release|Any CPU = Release|Any CPU
	EndGlobalSection
	GlobalSection(ProjectConfigurationPlatforms) = postSolution
		{D6FD95CE-6827-44B6-BC44-BF0CF05C4A43}.Debug|Any CPU.ActiveCfg = Debug|Any CPU
		{D6FD95CE-6827-44B6-BC44-BF0CF05C4A43}.Debug|Any CPU.Build.0 = Debug|Any CPU
		{D6FD95CE-6827-44B6-BC44-BF0CF05C4A43}.Release|Any CPU.ActiveCfg = Release|Any CPU
		{D6FD95CE-6827-44B6-BC44-BF0CF05C4A43}.Release|Any CPU.Build.0 = Release|Any CPU
		{900AAF78-26D9-4948-BEC4-8C250FA99A64}.Debug|Any CPU.ActiveCfg = Debug|Any CPU
		{900AAF78-26D9-4948-BEC4-8C250FA99A64}.Debug|Any CPU.Build.0 = Debug|Any CPU
		{900AAF78-26D9-4948-BEC4-8C250FA99A64}.Release|Any CPU.ActiveCfg = Release|Any CPU
		{900AAF78-26D9-4948-BEC4-8C250FA99A64}.Release|Any CPU.Build.0 = Release|Any CPU
		{BF9067D0-DB98-41F1-9A9A-40C330D16DAE}.Debug|Any CPU.ActiveCfg = Debug|Any CPU
		{BF9067D0-DB98-41F1-9A9A-40C330D16DAE}.Debug|Any CPU.Build.0 = Debug|Any CPU
		{BF9067D0-DB98-41F1-9A9A-40C330D16DAE}.Release|Any CPU.ActiveCfg = Release|Any CPU
		{BF9067D0-DB98-41F1-9A9A-40C330D16DAE}.Release|Any CPU.Build.0 = Release|Any CPU
		{FE7ED6CA-DD50-4C2B-BC8E-799F4D4A4E87}.Debug|Any CPU.ActiveCfg = Debug|Any CPU
		{FE7ED6CA-DD50-4C2B-BC8E-799F4D4A4E87}.Debug|Any CPU.Build.0 = Debug|Any CPU
		{FE7ED6CA-DD50-4C2B-BC8E-799F4D4A4E87}.Release|Any CPU.ActiveCfg = Release|Any CPU
		{FE7ED6CA-DD50-4C2B-BC8E-799F4D4A4E87}.Release|Any CPU.Build.0 = Release|Any CPU
	EndGlobalSection
	GlobalSection(SolutionProperties) = preSolution
		HideSolutionNode = FALSE
	EndGlobalSection
	GlobalSection(ExtensibilityGlobals) = postSolution
		SolutionGuid = {B8BB8253-932C-43B2-8645-A7983D06592E}
	EndGlobalSection
EndGlobal
