
Microsoft Visual Studio Solution File, Format Version 12.00
# Visual Studio Version 17
VisualStudioVersion = 17.11.35222.181
MinimumVisualStudioVersion = 10.0.40219.1
Project("{9A19103F-16F7-4668-BE54-9A1E7A4F7556}") = "AdvisorManagement.Api", "src\AdvisorManagement.Api\AdvisorManagement.Api.csproj", "{D6FD95CE-6827-44B6-BC44-BF0CF05C4A43}"
EndProject
Project("{9A19103F-16F7-4668-BE54-9A1E7A4F7556}") = "AdvisorManager.Domain", "src\AdvisorManager.Domain\AdvisorManager.Domain.csproj", "{900AAF78-26D9-4948-BEC4-8C250FA99A64}"
EndProject
Project("{9A19103F-16F7-4668-BE54-9A1E7A4F7556}") = "AdvisorManager.Infrastructure", "src\AdvisorManager.Infrastructure\AdvisorManager.Infrastructure.csproj", "{BF9067D0-DB98-41F1-9A9A-40C330D16DAE}"
EndProject
Project("{9A19103F-16F7-4668-BE54-9A1E7A4F7556}") = "AdvisorManager.Application", "src\AdvisorManager.Application\AdvisorManager.Application.csproj", "{FE7ED6CA-DD50-4C2B-BC8E-799F4D4A4E87}"
EndProject
Project("{2150E333-8FDC-42A3-9474-1A3956D46DE8}") = "tests", "tests", "{BBE2425E-230D-4759-8354-DF440F7D2235}"
EndProject
Project("{2150E333-8FDC-42A3-9474-1A3956D46DE8}") = "src", "src", "{A1505DC0-F97D-4DBE-8D7E-7DD03857878E}"
EndProject
Project("{9A19103F-16F7-4668-BE54-9A1E7A4F7556}") = "AdvisorManager.Application.Tests", "test\AdvisorManager.Application.Tests\AdvisorManager.Application.Tests.csproj", "{678837FB-F5AC-4CCF-B7A8-90042CD8C81A}"
EndProject
Project("{9A19103F-16F7-4668-BE54-9A1E7A4F7556}") = "AdvisorManager.Infrastructure.Tests", "test\AdvisorManager.Infrastructure.Tests\AdvisorManager.Infrastructure.Tests.csproj", "{7EE0EDB5-7579-49C6-AFF7-E780F034F0A5}"
EndProject
Project("{9A19103F-16F7-4668-BE54-9A1E7A4F7556}") = "AdvisorManagement.Blazor.UI", "src\AdvisorManagement.Blazor.UI\AdvisorManagement.Blazor.UI.csproj", "{CDB55968-0381-4CDF-8223-401F8E997E8F}"
EndProject
Project("{54A90642-561A-4BB1-A94E-469ADEE60C69}") = "advisormanagement.react.ui", "src\advisormanagement.react.ui\advisormanagement.react.ui.esproj", "{0658202B-8D10-48A9-A7AD-F6604E8D533F}"
EndProject
Global
	GlobalSection(SolutionConfigurationPlatforms) = preSolution
		Debug|Any CPU = Debug|Any CPU
		Release|Any CPU = Release|Any CPU
	EndGlobalSection
	GlobalSection(ProjectConfigurationPlatforms) = postSolution
		{D6FD95CE-6827-44B6-BC44-BF0CF05C4A43}.Debug|Any CPU.ActiveCfg = Debug|Any CPU
		{D6FD95CE-6827-44B6-BC44-BF0CF05C4A43}.Debug|Any CPU.Build.0 = Debug|Any CPU
		{D6FD95CE-6827-44B6-BC44-BF0CF05C4A43}.Release|Any CPU.ActiveCfg = Release|Any CPU
		{D6FD95CE-6827-44B6-BC44-BF0CF05C4A43}.Release|Any CPU.Build.0 = Release|Any CPU
		{900AAF78-26D9-4948-BEC4-8C250FA99A64}.Debug|Any CPU.ActiveCfg = Debug|Any CPU
		{900AAF78-26D9-4948-BEC4-8C250FA99A64}.Debug|Any CPU.Build.0 = Debug|Any CPU
		{900AAF78-26D9-4948-BEC4-8C250FA99A64}.Release|Any CPU.ActiveCfg = Release|Any CPU
		{900AAF78-26D9-4948-BEC4-8C250FA99A64}.Release|Any CPU.Build.0 = Release|Any CPU
		{BF9067D0-DB98-41F1-9A9A-40C330D16DAE}.Debug|Any CPU.ActiveCfg = Debug|Any CPU
		{BF9067D0-DB98-41F1-9A9A-40C330D16DAE}.Debug|Any CPU.Build.0 = Debug|Any CPU
		{BF9067D0-DB98-41F1-9A9A-40C330D16DAE}.Release|Any CPU.ActiveCfg = Release|Any CPU
		{BF9067D0-DB98-41F1-9A9A-40C330D16DAE}.Release|Any CPU.Build.0 = Release|Any CPU
		{FE7ED6CA-DD50-4C2B-BC8E-799F4D4A4E87}.Debug|Any CPU.ActiveCfg = Debug|Any CPU
		{FE7ED6CA-DD50-4C2B-BC8E-799F4D4A4E87}.Debug|Any CPU.Build.0 = Debug|Any CPU
		{FE7ED6CA-DD50-4C2B-BC8E-799F4D4A4E87}.Release|Any CPU.ActiveCfg = Release|Any CPU
		{FE7ED6CA-DD50-4C2B-BC8E-799F4D4A4E87}.Release|Any CPU.Build.0 = Release|Any CPU
		{678837FB-F5AC-4CCF-B7A8-90042CD8C81A}.Debug|Any CPU.ActiveCfg = Debug|Any CPU
		{678837FB-F5AC-4CCF-B7A8-90042CD8C81A}.Debug|Any CPU.Build.0 = Debug|Any CPU
		{678837FB-F5AC-4CCF-B7A8-90042CD8C81A}.Release|Any CPU.ActiveCfg = Release|Any CPU
		{678837FB-F5AC-4CCF-B7A8-90042CD8C81A}.Release|Any CPU.Build.0 = Release|Any CPU
		{7EE0EDB5-7579-49C6-AFF7-E780F034F0A5}.Debug|Any CPU.ActiveCfg = Debug|Any CPU
		{7EE0EDB5-7579-49C6-AFF7-E780F034F0A5}.Debug|Any CPU.Build.0 = Debug|Any CPU
		{7EE0EDB5-7579-49C6-AFF7-E780F034F0A5}.Release|Any CPU.ActiveCfg = Release|Any CPU
		{7EE0EDB5-7579-49C6-AFF7-E780F034F0A5}.Release|Any CPU.Build.0 = Release|Any CPU
		{CDB55968-0381-4CDF-8223-401F8E997E8F}.Debug|Any CPU.ActiveCfg = Debug|Any CPU
		{CDB55968-0381-4CDF-8223-401F8E997E8F}.Debug|Any CPU.Build.0 = Debug|Any CPU
		{CDB55968-0381-4CDF-8223-401F8E997E8F}.Release|Any CPU.ActiveCfg = Release|Any CPU
		{CDB55968-0381-4CDF-8223-401F8E997E8F}.Release|Any CPU.Build.0 = Release|Any CPU
		{0658202B-8D10-48A9-A7AD-F6604E8D533F}.Debug|Any CPU.ActiveCfg = Debug|Any CPU
		{0658202B-8D10-48A9-A7AD-F6604E8D533F}.Debug|Any CPU.Build.0 = Debug|Any CPU
		{0658202B-8D10-48A9-A7AD-F6604E8D533F}.Debug|Any CPU.Deploy.0 = Debug|Any CPU
		{0658202B-8D10-48A9-A7AD-F6604E8D533F}.Release|Any CPU.ActiveCfg = Release|Any CPU
		{0658202B-8D10-48A9-A7AD-F6604E8D533F}.Release|Any CPU.Build.0 = Release|Any CPU
		{0658202B-8D10-48A9-A7AD-F6604E8D533F}.Release|Any CPU.Deploy.0 = Release|Any CPU
	EndGlobalSection
	GlobalSection(SolutionProperties) = preSolution
		HideSolutionNode = FALSE
	EndGlobalSection
	GlobalSection(NestedProjects) = preSolution
		{D6FD95CE-6827-44B6-BC44-BF0CF05C4A43} = {A1505DC0-F97D-4DBE-8D7E-7DD03857878E}
		{900AAF78-26D9-4948-BEC4-8C250FA99A64} = {A1505DC0-F97D-4DBE-8D7E-7DD03857878E}
		{BF9067D0-DB98-41F1-9A9A-40C330D16DAE} = {A1505DC0-F97D-4DBE-8D7E-7DD03857878E}
		{FE7ED6CA-DD50-4C2B-BC8E-799F4D4A4E87} = {A1505DC0-F97D-4DBE-8D7E-7DD03857878E}
		{678837FB-F5AC-4CCF-B7A8-90042CD8C81A} = {BBE2425E-230D-4759-8354-DF440F7D2235}
		{7EE0EDB5-7579-49C6-AFF7-E780F034F0A5} = {BBE2425E-230D-4759-8354-DF440F7D2235}
		{CDB55968-0381-4CDF-8223-401F8E997E8F} = {A1505DC0-F97D-4DBE-8D7E-7DD03857878E}
		{0658202B-8D10-48A9-A7AD-F6604E8D533F} = {A1505DC0-F97D-4DBE-8D7E-7DD03857878E}
	EndGlobalSection
	GlobalSection(ExtensibilityGlobals) = postSolution
		SolutionGuid = {B8BB8253-932C-43B2-8645-A7983D06592E}
	EndGlobalSection
EndGlobal
